
Microsoft Visual Studio Solution File, Format Version 12.00
# Visual Studio Version 17
VisualStudioVersion = 17.0.32126.317
MinimumVisualStudioVersion = 10.0.40219.1
Project("{FAE04EC0-301F-11D3-BF4B-00C04F79EFBC}") = "chart0302", "chart0302\chart0302.csproj", "{A336642D-7346-4C4D-B903-CC881089DF7F}"
EndProject
Global
	GlobalSection(SolutionConfigurationPlatforms) = preSolution
		Debug|Any CPU = Debug|Any CPU
		Release|Any CPU = Release|Any CPU
	EndGlobalSection
	GlobalSection(ProjectConfigurationPlatforms) = postSolution
		{A336642D-7346-4C4D-B903-CC881089DF7F}.Debug|Any CPU.ActiveCfg = Debug|Any CPU
		{A336642D-7346-4C4D-B903-CC881089DF7F}.Debug|Any CPU.Build.0 = Debug|Any CPU
		{A336642D-7346-4C4D-B903-CC881089DF7F}.Release|Any CPU.ActiveCfg = Release|Any CPU
		{A336642D-7346-4C4D-B903-CC881089DF7F}.Release|Any CPU.Build.0 = Release|Any CPU
	EndGlobalSection
	GlobalSection(SolutionProperties) = preSolution
		HideSolutionNode = FALSE
	EndGlobalSection
	GlobalSection(ExtensibilityGlobals) = postSolution
		SolutionGuid = {37FC27A8-066C-4891-88DC-47416919C395}
	EndGlobalSection
EndGlobal
